github.com/benaskins/axon-fact v0.1.2-0.20260313052934-ad7453c0a820 h1:PhQgHO8tvqYSbBNyOoZOu6Zd8uk6NAst57RFQA/rooU=
github.com/benaskins/axon-fact v0.1.2-0.20260313052934-ad7453c0a820/go.mod h1:X2Ns6MwSNZWJeFiPBaGt16N9cBBGTc/KJa21ax6Ixsw=
github.com/google/uuid v1.6.0 h1:NIvaJDMOsjHA8n1jAhLSgzrAzy1Hgr+hNrb57e+94F0=
github.com/google/uuid v1.6.0/go.mod h1:TIyPZe4MgqvfeYDBFedMoGGpEw/LqOeaOT+nhxU+yHo=
